# This file was autogenerated by Stack.
# You should not edit this file by hand.
# For more information, please see the documentation at:
#   https://docs.haskellstack.org/en/stable/lock_files

packages:
- completed:
    hackage: leancheck-1.0.0@sha256:0af10dbbb2ac109f1b7b2fd6d997b442168e5a635c6438795cdb246a75efe702,7138
    pantry-tree:
      sha256: ad28af2067dd7eadbb0c89a3c19ecce3392335b99fa28fcbe8a1724ce1acd1a6
      size: 12867
  original:
    hackage: leancheck-1.0.0@sha256:0af10dbbb2ac109f1b7b2fd6d997b442168e5a635c6438795cdb246a75efe702,7138
snapshots: []
